
Microsoft Visual Studio Solution File, Format Version 12.00
# Visual Studio 15
Project("{FAE04EC0-301F-11D3-BF4B-00C04F79EFBC}") = "UnityEngine.UI", "UnityEngine.UI.csproj", "{D37314AD-F399-A29A-BFED-50234A211C55}"
EndProject
Project("{FAE04EC0-301F-11D3-BF4B-00C04F79EFBC}") = "Assembly-CSharp-firstpass", "Assembly-CSharp-firstpass.csproj", "{AB8A7E8A-A039-A540-D304-B40F64D1D450}"
EndProject
Project("{FAE04EC0-301F-11D3-BF4B-00C04F79EFBC}") = "Unity.RenderPipelines.Core.Runtime", "Unity.RenderPipelines.Core.Runtime.csproj", "{CBA8A919-053A-0A20-1225-BDA7AB756C7B}"
EndProject
Project("{FAE04EC0-301F-11D3-BF4B-00C04F79EFBC}") = "UnityEngine.TestRunner", "UnityEngine.TestRunner.csproj", "{B1B17DA6-6825-ECE2-692F-29B3B81FE844}"
EndProject
Project("{FAE04EC0-301F-11D3-BF4B-00C04F79EFBC}") = "Unity.Mathematics", "Unity.Mathematics.csproj", "{F0AAD72F-8BEF-9B6C-2614-67AA6BDA4A1B}"
EndProject
Project("{FAE04EC0-301F-11D3-BF4B-00C04F79EFBC}") = "Assembly-CSharp", "Assembly-CSharp.csproj", "{3D82C435-25B8-FF0F-5543-C41EA6652965}"
EndProject
Project("{FAE04EC0-301F-11D3-BF4B-00C04F79EFBC}") = "Unity.RenderPipelines.Universal.Runtime", "Unity.RenderPipelines.Universal.Runtime.csproj", "{49BB9E6C-1510-6DFC-DCDB-3F7F3F33A21B}"
EndProject
Project("{FAE04EC0-301F-11D3-BF4B-00C04F79EFBC}") = "Unity.TextMeshPro", "Unity.TextMeshPro.csproj", "{7D1487A5-6029-B9DD-88C6-941F732D8735}"
EndProject
Project("{FAE04EC0-301F-11D3-BF4B-00C04F79EFBC}") = "Unity.Timeline", "Unity.Timeline.csproj", "{47E35591-4C13-297A-077A-ED524935F673}"
EndProject
Project("{FAE04EC0-301F-11D3-BF4B-00C04F79EFBC}") = "Sirenix.OdinInspector.CompatibilityLayer", "Sirenix.OdinInspector.CompatibilityLayer.csproj", "{B7A9D784-9CD8-BDC6-9659-A7CB3E507A49}"
EndProject
Project("{FAE04EC0-301F-11D3-BF4B-00C04F79EFBC}") = "Unity.RenderPipelines.Core.ShaderLibrary", "Unity.RenderPipelines.Core.ShaderLibrary.csproj", "{B2DD8375-D423-60C3-CD55-F716F7925C46}"
EndProject
Project("{FAE04EC0-301F-11D3-BF4B-00C04F79EFBC}") = "Unity.RenderPipeline.Universal.ShaderLibrary", "Unity.RenderPipeline.Universal.ShaderLibrary.csproj", "{D5B16B0F-1949-51EA-F3EB-20F95C028CE5}"
EndProject
Project("{FAE04EC0-301F-11D3-BF4B-00C04F79EFBC}") = "Unity.RenderPipelines.Universal.Shaders", "Unity.RenderPipelines.Universal.Shaders.csproj", "{9D4E65E7-8933-2152-7107-7047BAB66BAB}"
EndProject
Project("{FAE04EC0-301F-11D3-BF4B-00C04F79EFBC}") = "Unity.RenderPipelines.ShaderGraph.ShaderGraphLibrary", "Unity.RenderPipelines.ShaderGraph.ShaderGraphLibrary.csproj", "{869FEFED-3870-F97C-570A-36816B620C0C}"
EndProject
Project("{FAE04EC0-301F-11D3-BF4B-00C04F79EFBC}") = "Unity.ShaderGraph.Editor", "Unity.ShaderGraph.Editor.csproj", "{2FEFBFEB-249E-E82D-DBD6-677B3128ED3C}"
EndProject
Project("{FAE04EC0-301F-11D3-BF4B-00C04F79EFBC}") = "Unity.PlasticSCM.Editor", "Unity.PlasticSCM.Editor.csproj", "{303490F0-6C56-805F-8926-4454C3952959}"
EndProject
Project("{FAE04EC0-301F-11D3-BF4B-00C04F79EFBC}") = "Unity.VisualStudio.Editor", "Unity.VisualStudio.Editor.csproj", "{1DA0729F-1EE4-3BA5-E78E-F1EEBA369858}"
EndProject
Project("{FAE04EC0-301F-11D3-BF4B-00C04F79EFBC}") = "Unity.Timeline.Editor", "Unity.Timeline.Editor.csproj", "{1A3E2B12-BEE6-62FC-780F-DA462497513C}"
EndProject
Project("{FAE04EC0-301F-11D3-BF4B-00C04F79EFBC}") = "Unity.TextMeshPro.Editor", "Unity.TextMeshPro.Editor.csproj", "{B6638B2A-370F-ACDD-113D-D50DB2A466E6}"
EndProject
Project("{FAE04EC0-301F-11D3-BF4B-00C04F79EFBC}") = "Unity.CollabProxy.Editor", "Unity.CollabProxy.Editor.csproj", "{81396BAA-54C2-981C-6D09-90F24C0CD051}"
EndProject
Project("{FAE04EC0-301F-11D3-BF4B-00C04F79EFBC}") = "UnityEditor.TestRunner", "UnityEditor.TestRunner.csproj", "{F2789BD1-5E52-B00E-CF23-B89849950618}"
EndProject
Project("{FAE04EC0-301F-11D3-BF4B-00C04F79EFBC}") = "com.unity.quicksearch", "com.unity.quicksearch.csproj", "{06C2052E-8A9E-32E7-ABB2-75754CCFA2A1}"
EndProject
Project("{FAE04EC0-301F-11D3-BF4B-00C04F79EFBC}") = "Unity.Rider.Editor", "Unity.Rider.Editor.csproj", "{424C415A-27F0-35F8-19DA-9F94B308A628}"
EndProject
Project("{FAE04EC0-301F-11D3-BF4B-00C04F79EFBC}") = "Unity.RenderPipelines.Universal.Editor", "Unity.RenderPipelines.Universal.Editor.csproj", "{32AA32DB-6253-7E42-F6A5-9822493FE8DC}"
EndProject
Project("{FAE04EC0-301F-11D3-BF4B-00C04F79EFBC}") = "Assembly-CSharp-Editor-firstpass", "Assembly-CSharp-Editor-firstpass.csproj", "{7CBA6850-19FE-665A-C12A-A2C5A4C8689E}"
EndProject
Project("{FAE04EC0-301F-11D3-BF4B-00C04F79EFBC}") = "Unity.Services.Core.Editor", "Unity.Services.Core.Editor.csproj", "{E45982D2-5CE6-BDC3-F7C3-9753B5FD179E}"
EndProject
Project("{FAE04EC0-301F-11D3-BF4B-00C04F79EFBC}") = "Sirenix.OdinInspector.CompatibilityLayer.Editor", "Sirenix.OdinInspector.CompatibilityLayer.Editor.csproj", "{64507F4A-F66E-2226-880E-1EB5423E0C13}"
EndProject
Project("{FAE04EC0-301F-11D3-BF4B-00C04F79EFBC}") = "Unity.RenderPipelines.Core.Editor", "Unity.RenderPipelines.Core.Editor.csproj", "{C1904061-A355-E763-4AD7-43429AD60FC7}"
EndProject
Project("{FAE04EC0-301F-11D3-BF4B-00C04F79EFBC}") = "Unity.Searcher.Editor", "Unity.Searcher.Editor.csproj", "{FFA05EE0-3157-7382-A5AA-8646A1D17E2D}"
EndProject
Project("{FAE04EC0-301F-11D3-BF4B-00C04F79EFBC}") = "Unity.2D.Tilemap.Editor", "Unity.2D.Tilemap.Editor.csproj", "{152E2242-FF8B-1D73-0FB4-4168E95A4B1E}"
EndProject
Project("{FAE04EC0-301F-11D3-BF4B-00C04F79EFBC}") = "Unity.VSCode.Editor", "Unity.VSCode.Editor.csproj", "{B34D9D52-7EAB-35B5-4C36-470A71D6A31A}"
EndProject
Project("{FAE04EC0-301F-11D3-BF4B-00C04F79EFBC}") = "Unity.2D.Sprite.Editor", "Unity.2D.Sprite.Editor.csproj", "{02810821-4133-41DE-6C63-22FBEA6E0C32}"
EndProject
Project("{FAE04EC0-301F-11D3-BF4B-00C04F79EFBC}") = "UnityEditor.UI", "UnityEditor.UI.csproj", "{14703C6D-E247-0ABF-BAED-DDBFB42AED57}"
EndProject
Project("{FAE04EC0-301F-11D3-BF4B-00C04F79EFBC}") = "Unity.Mathematics.Editor", "Unity.Mathematics.Editor.csproj", "{37F25CE8-A39D-9FA3-AA03-9DD978D87C3C}"
EndProject
Project("{FAE04EC0-301F-11D3-BF4B-00C04F79EFBC}") = "Unity.ShaderGraph.Utilities", "Unity.ShaderGraph.Utilities.csproj", "{F00CED0B-6854-861C-0753-B68365610116}"
EndProject
Project("{FAE04EC0-301F-11D3-BF4B-00C04F79EFBC}") = "Assembly-CSharp-Editor", "Assembly-CSharp-Editor.csproj", "{EF7EB8F9-B0EB-E3EC-2906-951C8549F6CE}"
EndProject
Project("{FAE04EC0-301F-11D3-BF4B-00C04F79EFBC}") = "Sirenix.OdinInspector.Modules.UnityMathematics", "Sirenix.OdinInspector.Modules.UnityMathematics.csproj", "{D89C6D82-CA3A-D028-A07D-80F2C466D11C}"
EndProject
Project("{FAE04EC0-301F-11D3-BF4B-00C04F79EFBC}") = "UnityEngine.UI", "UnityEngine.UI.Player.csproj", "{A1F7409E-2A20-B4E0-0786-8A1B4FD185C9}"
EndProject
Project("{FAE04EC0-301F-11D3-BF4B-00C04F79EFBC}") = "Assembly-CSharp-firstpass", "Assembly-CSharp-firstpass.Player.csproj", "{2BC9E256-E8E9-22A6-DFDF-BF5C34899CDC}"
EndProject
Project("{FAE04EC0-301F-11D3-BF4B-00C04F79EFBC}") = "Unity.RenderPipelines.Core.Runtime", "Unity.RenderPipelines.Core.Runtime.Player.csproj", "{E35E2413-C300-ABCF-2239-67575F543E40}"
EndProject
Project("{FAE04EC0-301F-11D3-BF4B-00C04F79EFBC}") = "UnityEngine.TestRunner", "UnityEngine.TestRunner.Player.csproj", "{D8B7E2E9-1225-18C5-7C09-F2949E02F343}"
EndProject
Project("{FAE04EC0-301F-11D3-BF4B-00C04F79EFBC}") = "Unity.Mathematics", "Unity.Mathematics.Player.csproj", "{8E3EC48C-A300-4C8D-24C2-73E4200B601F}"
EndProject
Project("{FAE04EC0-301F-11D3-BF4B-00C04F79EFBC}") = "Assembly-CSharp", "Assembly-CSharp.Player.csproj", "{E9C0E87C-290B-C753-ED3A-B4891DC461F2}"
EndProject
Project("{FAE04EC0-301F-11D3-BF4B-00C04F79EFBC}") = "Unity.RenderPipelines.Universal.Runtime", "Unity.RenderPipelines.Universal.Runtime.Player.csproj", "{E5D7023D-920F-89BC-7E76-F8DB4C7469EA}"
EndProject
Project("{FAE04EC0-301F-11D3-BF4B-00C04F79EFBC}") = "Unity.TextMeshPro", "Unity.TextMeshPro.Player.csproj", "{0DA8AE50-6BCB-2CD5-5CC1-20387C884896}"
EndProject
Project("{FAE04EC0-301F-11D3-BF4B-00C04F79EFBC}") = "Unity.Timeline", "Unity.Timeline.Player.csproj", "{9C0096B6-BBB6-658A-5A5C-67BB6801A1F7}"
EndProject
Project("{FAE04EC0-301F-11D3-BF4B-00C04F79EFBC}") = "Sirenix.OdinInspector.CompatibilityLayer", "Sirenix.OdinInspector.CompatibilityLayer.Player.csproj", "{90408791-B697-37C7-FCB4-ADED51C7AC3C}"
EndProject
Project("{FAE04EC0-301F-11D3-BF4B-00C04F79EFBC}") = "Unity.RenderPipelines.Core.ShaderLibrary", "Unity.RenderPipelines.Core.ShaderLibrary.Player.csproj", "{B942F859-6F03-532B-D68B-5D1C5CF3610A}"
EndProject
Project("{FAE04EC0-301F-11D3-BF4B-00C04F79EFBC}") = "Unity.RenderPipeline.Universal.ShaderLibrary", "Unity.RenderPipeline.Universal.ShaderLibrary.Player.csproj", "{D3AB977E-47B3-9FEA-1951-BEE9829E43D7}"
EndProject
Project("{FAE04EC0-301F-11D3-BF4B-00C04F79EFBC}") = "Unity.RenderPipelines.Universal.Shaders", "Unity.RenderPipelines.Universal.Shaders.Player.csproj", "{571A7052-3FD6-AF79-155C-B4894BDDF197}"
EndProject
Project("{FAE04EC0-301F-11D3-BF4B-00C04F79EFBC}") = "Unity.RenderPipelines.ShaderGraph.ShaderGraphLibrary", "Unity.RenderPipelines.ShaderGraph.ShaderGraphLibrary.Player.csproj", "{A41DDFBA-73D4-6081-0D12-3ACE757BC33F}"
EndProject
Global
	GlobalSection(SolutionConfigurationPlatforms) = preSolution
		Debug|Any CPU = Debug|Any CPU
		Release|Any CPU = Release|Any CPU
	EndGlobalSection
	GlobalSection(ProjectConfigurationPlatforms) = postSolution
		{D37314AD-F399-A29A-BFED-50234A211C55}.Debug|Any CPU.ActiveCfg = Debug|Any CPU
		{D37314AD-F399-A29A-BFED-50234A211C55}.Debug|Any CPU.Build.0 = Debug|Any CPU
		{D37314AD-F399-A29A-BFED-50234A211C55}.Release|Any CPU.ActiveCfg = Release|Any CPU
		{D37314AD-F399-A29A-BFED-50234A211C55}.Release|Any CPU.Build.0 = Release|Any CPU
		{AB8A7E8A-A039-A540-D304-B40F64D1D450}.Debug|Any CPU.ActiveCfg = Debug|Any CPU
		{AB8A7E8A-A039-A540-D304-B40F64D1D450}.Debug|Any CPU.Build.0 = Debug|Any CPU
		{AB8A7E8A-A039-A540-D304-B40F64D1D450}.Release|Any CPU.ActiveCfg = Release|Any CPU
		{AB8A7E8A-A039-A540-D304-B40F64D1D450}.Release|Any CPU.Build.0 = Release|Any CPU
		{CBA8A919-053A-0A20-1225-BDA7AB756C7B}.Debug|Any CPU.ActiveCfg = Debug|Any CPU
		{CBA8A919-053A-0A20-1225-BDA7AB756C7B}.Debug|Any CPU.Build.0 = Debug|Any CPU
		{CBA8A919-053A-0A20-1225-BDA7AB756C7B}.Release|Any CPU.ActiveCfg = Release|Any CPU
		{CBA8A919-053A-0A20-1225-BDA7AB756C7B}.Release|Any CPU.Build.0 = Release|Any CPU
		{B1B17DA6-6825-ECE2-692F-29B3B81FE844}.Debug|Any CPU.ActiveCfg = Debug|Any CPU
		{B1B17DA6-6825-ECE2-692F-29B3B81FE844}.Debug|Any CPU.Build.0 = Debug|Any CPU
		{B1B17DA6-6825-ECE2-692F-29B3B81FE844}.Release|Any CPU.ActiveCfg = Release|Any CPU
		{B1B17DA6-6825-ECE2-692F-29B3B81FE844}.Release|Any CPU.Build.0 = Release|Any CPU
		{F0AAD72F-8BEF-9B6C-2614-67AA6BDA4A1B}.Debug|Any CPU.ActiveCfg = Debug|Any CPU
		{F0AAD72F-8BEF-9B6C-2614-67AA6BDA4A1B}.Debug|Any CPU.Build.0 = Debug|Any CPU
		{F0AAD72F-8BEF-9B6C-2614-67AA6BDA4A1B}.Release|Any CPU.ActiveCfg = Release|Any CPU
		{F0AAD72F-8BEF-9B6C-2614-67AA6BDA4A1B}.Release|Any CPU.Build.0 = Release|Any CPU
		{3D82C435-25B8-FF0F-5543-C41EA6652965}.Debug|Any CPU.ActiveCfg = Debug|Any CPU
		{3D82C435-25B8-FF0F-5543-C41EA6652965}.Debug|Any CPU.Build.0 = Debug|Any CPU
		{3D82C435-25B8-FF0F-5543-C41EA6652965}.Release|Any CPU.ActiveCfg = Release|Any CPU
		{3D82C435-25B8-FF0F-5543-C41EA6652965}.Release|Any CPU.Build.0 = Release|Any CPU
		{49BB9E6C-1510-6DFC-DCDB-3F7F3F33A21B}.Debug|Any CPU.ActiveCfg = Debug|Any CPU
		{49BB9E6C-1510-6DFC-DCDB-3F7F3F33A21B}.Debug|Any CPU.Build.0 = Debug|Any CPU
		{49BB9E6C-1510-6DFC-DCDB-3F7F3F33A21B}.Release|Any CPU.ActiveCfg = Release|Any CPU
		{49BB9E6C-1510-6DFC-DCDB-3F7F3F33A21B}.Release|Any CPU.Build.0 = Release|Any CPU
		{7D1487A5-6029-B9DD-88C6-941F732D8735}.Debug|Any CPU.ActiveCfg = Debug|Any CPU
		{7D1487A5-6029-B9DD-88C6-941F732D8735}.Debug|Any CPU.Build.0 = Debug|Any CPU
		{7D1487A5-6029-B9DD-88C6-941F732D8735}.Release|Any CPU.ActiveCfg = Release|Any CPU
		{7D1487A5-6029-B9DD-88C6-941F732D8735}.Release|Any CPU.Build.0 = Release|Any CPU
		{47E35591-4C13-297A-077A-ED524935F673}.Debug|Any CPU.ActiveCfg = Debug|Any CPU
		{47E35591-4C13-297A-077A-ED524935F673}.Debug|Any CPU.Build.0 = Debug|Any CPU
		{47E35591-4C13-297A-077A-ED524935F673}.Release|Any CPU.ActiveCfg = Release|Any CPU
		{47E35591-4C13-297A-077A-ED524935F673}.Release|Any CPU.Build.0 = Release|Any CPU
		{B7A9D784-9CD8-BDC6-9659-A7CB3E507A49}.Debug|Any CPU.ActiveCfg = Debug|Any CPU
		{B7A9D784-9CD8-BDC6-9659-A7CB3E507A49}.Debug|Any CPU.Build.0 = Debug|Any CPU
		{B7A9D784-9CD8-BDC6-9659-A7CB3E507A49}.Release|Any CPU.ActiveCfg = Release|Any CPU
		{B7A9D784-9CD8-BDC6-9659-A7CB3E507A49}.Release|Any CPU.Build.0 = Release|Any CPU
		{B2DD8375-D423-60C3-CD55-F716F7925C46}.Debug|Any CPU.ActiveCfg = Debug|Any CPU
		{B2DD8375-D423-60C3-CD55-F716F7925C46}.Debug|Any CPU.Build.0 = Debug|Any CPU
		{B2DD8375-D423-60C3-CD55-F716F7925C46}.Release|Any CPU.ActiveCfg = Release|Any CPU
		{B2DD8375-D423-60C3-CD55-F716F7925C46}.Release|Any CPU.Build.0 = Release|Any CPU
		{D5B16B0F-1949-51EA-F3EB-20F95C028CE5}.Debug|Any CPU.ActiveCfg = Debug|Any CPU
		{D5B16B0F-1949-51EA-F3EB-20F95C028CE5}.Debug|Any CPU.Build.0 = Debug|Any CPU
		{D5B16B0F-1949-51EA-F3EB-20F95C028CE5}.Release|Any CPU.ActiveCfg = Release|Any CPU
		{D5B16B0F-1949-51EA-F3EB-20F95C028CE5}.Release|Any CPU.Build.0 = Release|Any CPU
		{9D4E65E7-8933-2152-7107-7047BAB66BAB}.Debug|Any CPU.ActiveCfg = Debug|Any CPU
		{9D4E65E7-8933-2152-7107-7047BAB66BAB}.Debug|Any CPU.Build.0 = Debug|Any CPU
		{9D4E65E7-8933-2152-7107-7047BAB66BAB}.Release|Any CPU.ActiveCfg = Release|Any CPU
		{9D4E65E7-8933-2152-7107-7047BAB66BAB}.Release|Any CPU.Build.0 = Release|Any CPU
		{869FEFED-3870-F97C-570A-36816B620C0C}.Debug|Any CPU.ActiveCfg = Debug|Any CPU
		{869FEFED-3870-F97C-570A-36816B620C0C}.Debug|Any CPU.Build.0 = Debug|Any CPU
		{869FEFED-3870-F97C-570A-36816B620C0C}.Release|Any CPU.ActiveCfg = Release|Any CPU
		{869FEFED-3870-F97C-570A-36816B620C0C}.Release|Any CPU.Build.0 = Release|Any CPU
		{2FEFBFEB-249E-E82D-DBD6-677B3128ED3C}.Debug|Any CPU.ActiveCfg = Debug|Any CPU
		{2FEFBFEB-249E-E82D-DBD6-677B3128ED3C}.Debug|Any CPU.Build.0 = Debug|Any CPU
		{2FEFBFEB-249E-E82D-DBD6-677B3128ED3C}.Release|Any CPU.ActiveCfg = Release|Any CPU
		{2FEFBFEB-249E-E82D-DBD6-677B3128ED3C}.Release|Any CPU.Build.0 = Release|Any CPU
		{303490F0-6C56-805F-8926-4454C3952959}.Debug|Any CPU.ActiveCfg = Debug|Any CPU
		{303490F0-6C56-805F-8926-4454C3952959}.Debug|Any CPU.Build.0 = Debug|Any CPU
		{303490F0-6C56-805F-8926-4454C3952959}.Release|Any CPU.ActiveCfg = Release|Any CPU
		{303490F0-6C56-805F-8926-4454C3952959}.Release|Any CPU.Build.0 = Release|Any CPU
		{1DA0729F-1EE4-3BA5-E78E-F1EEBA369858}.Debug|Any CPU.ActiveCfg = Debug|Any CPU
		{1DA0729F-1EE4-3BA5-E78E-F1EEBA369858}.Debug|Any CPU.Build.0 = Debug|Any CPU
		{1DA0729F-1EE4-3BA5-E78E-F1EEBA369858}.Release|Any CPU.ActiveCfg = Release|Any CPU
		{1DA0729F-1EE4-3BA5-E78E-F1EEBA369858}.Release|Any CPU.Build.0 = Release|Any CPU
		{1A3E2B12-BEE6-62FC-780F-DA462497513C}.Debug|Any CPU.ActiveCfg = Debug|Any CPU
		{1A3E2B12-BEE6-62FC-780F-DA462497513C}.Debug|Any CPU.Build.0 = Debug|Any CPU
		{1A3E2B12-BEE6-62FC-780F-DA462497513C}.Release|Any CPU.ActiveCfg = Release|Any CPU
		{1A3E2B12-BEE6-62FC-780F-DA462497513C}.Release|Any CPU.Build.0 = Release|Any CPU
		{B6638B2A-370F-ACDD-113D-D50DB2A466E6}.Debug|Any CPU.ActiveCfg = Debug|Any CPU
		{B6638B2A-370F-ACDD-113D-D50DB2A466E6}.Debug|Any CPU.Build.0 = Debug|Any CPU
		{B6638B2A-370F-ACDD-113D-D50DB2A466E6}.Release|Any CPU.ActiveCfg = Release|Any CPU
		{B6638B2A-370F-ACDD-113D-D50DB2A466E6}.Release|Any CPU.Build.0 = Release|Any CPU
		{81396BAA-54C2-981C-6D09-90F24C0CD051}.Debug|Any CPU.ActiveCfg = Debug|Any CPU
		{81396BAA-54C2-981C-6D09-90F24C0CD051}.Debug|Any CPU.Build.0 = Debug|Any CPU
		{81396BAA-54C2-981C-6D09-90F24C0CD051}.Release|Any CPU.ActiveCfg = Release|Any CPU
		{81396BAA-54C2-981C-6D09-90F24C0CD051}.Release|Any CPU.Build.0 = Release|Any CPU
		{F2789BD1-5E52-B00E-CF23-B89849950618}.Debug|Any CPU.ActiveCfg = Debug|Any CPU
		{F2789BD1-5E52-B00E-CF23-B89849950618}.Debug|Any CPU.Build.0 = Debug|Any CPU
		{F2789BD1-5E52-B00E-CF23-B89849950618}.Release|Any CPU.ActiveCfg = Release|Any CPU
		{F2789BD1-5E52-B00E-CF23-B89849950618}.Release|Any CPU.Build.0 = Release|Any CPU
		{06C2052E-8A9E-32E7-ABB2-75754CCFA2A1}.Debug|Any CPU.ActiveCfg = Debug|Any CPU
		{06C2052E-8A9E-32E7-ABB2-75754CCFA2A1}.Debug|Any CPU.Build.0 = Debug|Any CPU
		{06C2052E-8A9E-32E7-ABB2-75754CCFA2A1}.Release|Any CPU.ActiveCfg = Release|Any CPU
		{06C2052E-8A9E-32E7-ABB2-75754CCFA2A1}.Release|Any CPU.Build.0 = Release|Any CPU
		{424C415A-27F0-35F8-19DA-9F94B308A628}.Debug|Any CPU.ActiveCfg = Debug|Any CPU
		{424C415A-27F0-35F8-19DA-9F94B308A628}.Debug|Any CPU.Build.0 = Debug|Any CPU
		{424C415A-27F0-35F8-19DA-9F94B308A628}.Release|Any CPU.ActiveCfg = Release|Any CPU
		{424C415A-27F0-35F8-19DA-9F94B308A628}.Release|Any CPU.Build.0 = Release|Any CPU
		{32AA32DB-6253-7E42-F6A5-9822493FE8DC}.Debug|Any CPU.ActiveCfg = Debug|Any CPU
		{32AA32DB-6253-7E42-F6A5-9822493FE8DC}.Debug|Any CPU.Build.0 = Debug|Any CPU
		{32AA32DB-6253-7E42-F6A5-9822493FE8DC}.Release|Any CPU.ActiveCfg = Release|Any CPU
		{32AA32DB-6253-7E42-F6A5-9822493FE8DC}.Release|Any CPU.Build.0 = Release|Any CPU
		{7CBA6850-19FE-665A-C12A-A2C5A4C8689E}.Debug|Any CPU.ActiveCfg = Debug|Any CPU
		{7CBA6850-19FE-665A-C12A-A2C5A4C8689E}.Debug|Any CPU.Build.0 = Debug|Any CPU
		{7CBA6850-19FE-665A-C12A-A2C5A4C8689E}.Release|Any CPU.ActiveCfg = Release|Any CPU
		{7CBA6850-19FE-665A-C12A-A2C5A4C8689E}.Release|Any CPU.Build.0 = Release|Any CPU
		{E45982D2-5CE6-BDC3-F7C3-9753B5FD179E}.Debug|Any CPU.ActiveCfg = Debug|Any CPU
		{E45982D2-5CE6-BDC3-F7C3-9753B5FD179E}.Debug|Any CPU.Build.0 = Debug|Any CPU
		{E45982D2-5CE6-BDC3-F7C3-9753B5FD179E}.Release|Any CPU.ActiveCfg = Release|Any CPU
		{E45982D2-5CE6-BDC3-F7C3-9753B5FD179E}.Release|Any CPU.Build.0 = Release|Any CPU
		{64507F4A-F66E-2226-880E-1EB5423E0C13}.Debug|Any CPU.ActiveCfg = Debug|Any CPU
		{64507F4A-F66E-2226-880E-1EB5423E0C13}.Debug|Any CPU.Build.0 = Debug|Any CPU
		{64507F4A-F66E-2226-880E-1EB5423E0C13}.Release|Any CPU.ActiveCfg = Release|Any CPU
		{64507F4A-F66E-2226-880E-1EB5423E0C13}.Release|Any CPU.Build.0 = Release|Any CPU
		{C1904061-A355-E763-4AD7-43429AD60FC7}.Debug|Any CPU.ActiveCfg = Debug|Any CPU
		{C1904061-A355-E763-4AD7-43429AD60FC7}.Debug|Any CPU.Build.0 = Debug|Any CPU
		{C1904061-A355-E763-4AD7-43429AD60FC7}.Release|Any CPU.ActiveCfg = Release|Any CPU
		{C1904061-A355-E763-4AD7-43429AD60FC7}.Release|Any CPU.Build.0 = Release|Any CPU
		{FFA05EE0-3157-7382-A5AA-8646A1D17E2D}.Debug|Any CPU.ActiveCfg = Debug|Any CPU
		{FFA05EE0-3157-7382-A5AA-8646A1D17E2D}.Debug|Any CPU.Build.0 = Debug|Any CPU
		{FFA05EE0-3157-7382-A5AA-8646A1D17E2D}.Release|Any CPU.ActiveCfg = Release|Any CPU
		{FFA05EE0-3157-7382-A5AA-8646A1D17E2D}.Release|Any CPU.Build.0 = Release|Any CPU
		{152E2242-FF8B-1D73-0FB4-4168E95A4B1E}.Debug|Any CPU.ActiveCfg = Debug|Any CPU
		{152E2242-FF8B-1D73-0FB4-4168E95A4B1E}.Debug|Any CPU.Build.0 = Debug|Any CPU
		{152E2242-FF8B-1D73-0FB4-4168E95A4B1E}.Release|Any CPU.ActiveCfg = Release|Any CPU
		{152E2242-FF8B-1D73-0FB4-4168E95A4B1E}.Release|Any CPU.Build.0 = Release|Any CPU
		{B34D9D52-7EAB-35B5-4C36-470A71D6A31A}.Debug|Any CPU.ActiveCfg = Debug|Any CPU
		{B34D9D52-7EAB-35B5-4C36-470A71D6A31A}.Debug|Any CPU.Build.0 = Debug|Any CPU
		{B34D9D52-7EAB-35B5-4C36-470A71D6A31A}.Release|Any CPU.ActiveCfg = Release|Any CPU
		{B34D9D52-7EAB-35B5-4C36-470A71D6A31A}.Release|Any CPU.Build.0 = Release|Any CPU
		{02810821-4133-41DE-6C63-22FBEA6E0C32}.Debug|Any CPU.ActiveCfg = Debug|Any CPU
		{02810821-4133-41DE-6C63-22FBEA6E0C32}.Debug|Any CPU.Build.0 = Debug|Any CPU
		{02810821-4133-41DE-6C63-22FBEA6E0C32}.Release|Any CPU.ActiveCfg = Release|Any CPU
		{02810821-4133-41DE-6C63-22FBEA6E0C32}.Release|Any CPU.Build.0 = Release|Any CPU
		{14703C6D-E247-0ABF-BAED-DDBFB42AED57}.Debug|Any CPU.ActiveCfg = Debug|Any CPU
		{14703C6D-E247-0ABF-BAED-DDBFB42AED57}.Debug|Any CPU.Build.0 = Debug|Any CPU
		{14703C6D-E247-0ABF-BAED-DDBFB42AED57}.Release|Any CPU.ActiveCfg = Release|Any CPU
		{14703C6D-E247-0ABF-BAED-DDBFB42AED57}.Release|Any CPU.Build.0 = Release|Any CPU
		{37F25CE8-A39D-9FA3-AA03-9DD978D87C3C}.Debug|Any CPU.ActiveCfg = Debug|Any CPU
		{37F25CE8-A39D-9FA3-AA03-9DD978D87C3C}.Debug|Any CPU.Build.0 = Debug|Any CPU
		{37F25CE8-A39D-9FA3-AA03-9DD978D87C3C}.Release|Any CPU.ActiveCfg = Release|Any CPU
		{37F25CE8-A39D-9FA3-AA03-9DD978D87C3C}.Release|Any CPU.Build.0 = Release|Any CPU
		{F00CED0B-6854-861C-0753-B68365610116}.Debug|Any CPU.ActiveCfg = Debug|Any CPU
		{F00CED0B-6854-861C-0753-B68365610116}.Debug|Any CPU.Build.0 = Debug|Any CPU
		{F00CED0B-6854-861C-0753-B68365610116}.Release|Any CPU.ActiveCfg = Release|Any CPU
		{F00CED0B-6854-861C-0753-B68365610116}.Release|Any CPU.Build.0 = Release|Any CPU
		{EF7EB8F9-B0EB-E3EC-2906-951C8549F6CE}.Debug|Any CPU.ActiveCfg = Debug|Any CPU
		{EF7EB8F9-B0EB-E3EC-2906-951C8549F6CE}.Debug|Any CPU.Build.0 = Debug|Any CPU
		{EF7EB8F9-B0EB-E3EC-2906-951C8549F6CE}.Release|Any CPU.ActiveCfg = Release|Any CPU
		{EF7EB8F9-B0EB-E3EC-2906-951C8549F6CE}.Release|Any CPU.Build.0 = Release|Any CPU
		{D89C6D82-CA3A-D028-A07D-80F2C466D11C}.Debug|Any CPU.ActiveCfg = Debug|Any CPU
		{D89C6D82-CA3A-D028-A07D-80F2C466D11C}.Debug|Any CPU.Build.0 = Debug|Any CPU
		{D89C6D82-CA3A-D028-A07D-80F2C466D11C}.Release|Any CPU.ActiveCfg = Release|Any CPU
		{D89C6D82-CA3A-D028-A07D-80F2C466D11C}.Release|Any CPU.Build.0 = Release|Any CPU
		{A1F7409E-2A20-B4E0-0786-8A1B4FD185C9}.Debug|Any CPU.ActiveCfg = Debug|Any CPU
		{A1F7409E-2A20-B4E0-0786-8A1B4FD185C9}.Debug|Any CPU.Build.0 = Debug|Any CPU
		{A1F7409E-2A20-B4E0-0786-8A1B4FD185C9}.Release|Any CPU.ActiveCfg = Release|Any CPU
		{A1F7409E-2A20-B4E0-0786-8A1B4FD185C9}.Release|Any CPU.Build.0 = Release|Any CPU
		{2BC9E256-E8E9-22A6-DFDF-BF5C34899CDC}.Debug|Any CPU.ActiveCfg = Debug|Any CPU
		{2BC9E256-E8E9-22A6-DFDF-BF5C34899CDC}.Debug|Any CPU.Build.0 = Debug|Any CPU
		{2BC9E256-E8E9-22A6-DFDF-BF5C34899CDC}.Release|Any CPU.ActiveCfg = Release|Any CPU
		{2BC9E256-E8E9-22A6-DFDF-BF5C34899CDC}.Release|Any CPU.Build.0 = Release|Any CPU
		{E35E2413-C300-ABCF-2239-67575F543E40}.Debug|Any CPU.ActiveCfg = Debug|Any CPU
		{E35E2413-C300-ABCF-2239-67575F543E40}.Debug|Any CPU.Build.0 = Debug|Any CPU
		{E35E2413-C300-ABCF-2239-67575F543E40}.Release|Any CPU.ActiveCfg = Release|Any CPU
		{E35E2413-C300-ABCF-2239-67575F543E40}.Release|Any CPU.Build.0 = Release|Any CPU
		{D8B7E2E9-1225-18C5-7C09-F2949E02F343}.Debug|Any CPU.ActiveCfg = Debug|Any CPU
		{D8B7E2E9-1225-18C5-7C09-F2949E02F343}.Debug|Any CPU.Build.0 = Debug|Any CPU
		{D8B7E2E9-1225-18C5-7C09-F2949E02F343}.Release|Any CPU.ActiveCfg = Release|Any CPU
		{D8B7E2E9-1225-18C5-7C09-F2949E02F343}.Release|Any CPU.Build.0 = Release|Any CPU
		{8E3EC48C-A300-4C8D-24C2-73E4200B601F}.Debug|Any CPU.ActiveCfg = Debug|Any CPU
		{8E3EC48C-A300-4C8D-24C2-73E4200B601F}.Debug|Any CPU.Build.0 = Debug|Any CPU
		{8E3EC48C-A300-4C8D-24C2-73E4200B601F}.Release|Any CPU.ActiveCfg = Release|Any CPU
		{8E3EC48C-A300-4C8D-24C2-73E4200B601F}.Release|Any CPU.Build.0 = Release|Any CPU
		{E9C0E87C-290B-C753-ED3A-B4891DC461F2}.Debug|Any CPU.ActiveCfg = Debug|Any CPU
		{E9C0E87C-290B-C753-ED3A-B4891DC461F2}.Debug|Any CPU.Build.0 = Debug|Any CPU
		{E9C0E87C-290B-C753-ED3A-B4891DC461F2}.Release|Any CPU.ActiveCfg = Release|Any CPU
		{E9C0E87C-290B-C753-ED3A-B4891DC461F2}.Release|Any CPU.Build.0 = Release|Any CPU
		{E5D7023D-920F-89BC-7E76-F8DB4C7469EA}.Debug|Any CPU.ActiveCfg = Debug|Any CPU
		{E5D7023D-920F-89BC-7E76-F8DB4C7469EA}.Debug|Any CPU.Build.0 = Debug|Any CPU
		{E5D7023D-920F-89BC-7E76-F8DB4C7469EA}.Release|Any CPU.ActiveCfg = Release|Any CPU
		{E5D7023D-920F-89BC-7E76-F8DB4C7469EA}.Release|Any CPU.Build.0 = Release|Any CPU
		{0DA8AE50-6BCB-2CD5-5CC1-20387C884896}.Debug|Any CPU.ActiveCfg = Debug|Any CPU
		{0DA8AE50-6BCB-2CD5-5CC1-20387C884896}.Debug|Any CPU.Build.0 = Debug|Any CPU
		{0DA8AE50-6BCB-2CD5-5CC1-20387C884896}.Release|Any CPU.ActiveCfg = Release|Any CPU
		{0DA8AE50-6BCB-2CD5-5CC1-20387C884896}.Release|Any CPU.Build.0 = Release|Any CPU
		{9C0096B6-BBB6-658A-5A5C-67BB6801A1F7}.Debug|Any CPU.ActiveCfg = Debug|Any CPU
		{9C0096B6-BBB6-658A-5A5C-67BB6801A1F7}.Debug|Any CPU.Build.0 = Debug|Any CPU
		{9C0096B6-BBB6-658A-5A5C-67BB6801A1F7}.Release|Any CPU.ActiveCfg = Release|Any CPU
		{9C0096B6-BBB6-658A-5A5C-67BB6801A1F7}.Release|Any CPU.Build.0 = Release|Any CPU
		{90408791-B697-37C7-FCB4-ADED51C7AC3C}.Debug|Any CPU.ActiveCfg = Debug|Any CPU
		{90408791-B697-37C7-FCB4-ADED51C7AC3C}.Debug|Any CPU.Build.0 = Debug|Any CPU
		{90408791-B697-37C7-FCB4-ADED51C7AC3C}.Release|Any CPU.ActiveCfg = Release|Any CPU
		{90408791-B697-37C7-FCB4-ADED51C7AC3C}.Release|Any CPU.Build.0 = Release|Any CPU
		{B942F859-6F03-532B-D68B-5D1C5CF3610A}.Debug|Any CPU.ActiveCfg = Debug|Any CPU
		{B942F859-6F03-532B-D68B-5D1C5CF3610A}.Debug|Any CPU.Build.0 = Debug|Any CPU
		{B942F859-6F03-532B-D68B-5D1C5CF3610A}.Release|Any CPU.ActiveCfg = Release|Any CPU
		{B942F859-6F03-532B-D68B-5D1C5CF3610A}.Release|Any CPU.Build.0 = Release|Any CPU
		{D3AB977E-47B3-9FEA-1951-BEE9829E43D7}.Debug|Any CPU.ActiveCfg = Debug|Any CPU
		{D3AB977E-47B3-9FEA-1951-BEE9829E43D7}.Debug|Any CPU.Build.0 = Debug|Any CPU
		{D3AB977E-47B3-9FEA-1951-BEE9829E43D7}.Release|Any CPU.ActiveCfg = Release|Any CPU
		{D3AB977E-47B3-9FEA-1951-BEE9829E43D7}.Release|Any CPU.Build.0 = Release|Any CPU
		{571A7052-3FD6-AF79-155C-B4894BDDF197}.Debug|Any CPU.ActiveCfg = Debug|Any CPU
		{571A7052-3FD6-AF79-155C-B4894BDDF197}.Debug|Any CPU.Build.0 = Debug|Any CPU
		{571A7052-3FD6-AF79-155C-B4894BDDF197}.Release|Any CPU.ActiveCfg = Release|Any CPU
		{571A7052-3FD6-AF79-155C-B4894BDDF197}.Release|Any CPU.Build.0 = Release|Any CPU
		{A41DDFBA-73D4-6081-0D12-3ACE757BC33F}.Debug|Any CPU.ActiveCfg = Debug|Any CPU
		{A41DDFBA-73D4-6081-0D12-3ACE757BC33F}.Debug|Any CPU.Build.0 = Debug|Any CPU
		{A41DDFBA-73D4-6081-0D12-3ACE757BC33F}.Release|Any CPU.ActiveCfg = Release|Any CPU
		{A41DDFBA-73D4-6081-0D12-3ACE757BC33F}.Release|Any CPU.Build.0 = Release|Any CPU
	EndGlobalSection
	GlobalSection(SolutionProperties) = preSolution
		HideSolutionNode = FALSE
	EndGlobalSection
EndGlobal
